// !$*UTF8*$!
{
	archiveVersion = 1;
	classes = {
	};
	objectVersion = 55;
	objects = {

/* Begin PBXBuildFile section */
		21EEB2A42A97A64F6D504196 /* Pods_TwitterTests.framework in Frameworks */ = {isa = PBXBuildFile; fileRef = 1E73FF1600067E21303C8B97 /* Pods_TwitterTests.framework */; };
		6D5B79A0288863E2000DA0B9 /* AuthViewModel.swift in Sources */ = {isa = PBXBuildFile; fileRef = 6D5B799F288863E2000DA0B9 /* AuthViewModel.swift */; };
		6D5B79A228888C95000DA0B9 /* TwitterClient.swift in Sources */ = {isa = PBXBuildFile; fileRef = 6D5B79A128888C95000DA0B9 /* TwitterClient.swift */; };
		6D89CC9B2886FEF900C5F162 /* TwitterApp.swift in Sources */ = {isa = PBXBuildFile; fileRef = 6D89CC9A2886FEF900C5F162 /* TwitterApp.swift */; };
		6D89CC9F2886FEFF00C5F162 /* Assets.xcassets in Resources */ = {isa = PBXBuildFile; fileRef = 6D89CC9E2886FEFF00C5F162 /* Assets.xcassets */; };
		6D89CCA22886FEFF00C5F162 /* Preview Assets.xcassets in Resources */ = {isa = PBXBuildFile; fileRef = 6D89CCA12886FEFF00C5F162 /* Preview Assets.xcassets */; };
		6D89CCB82886FEFF00C5F162 /* TwitterUITestsLaunchTests.swift in Sources */ = {isa = PBXBuildFile; fileRef = 6D89CCB72886FEFF00C5F162 /* TwitterUITestsLaunchTests.swift */; };
		6D89CCD02887136300C5F162 /* TimelineView.swift in Sources */ = {isa = PBXBuildFile; fileRef = 6D89CCCF2887136300C5F162 /* TimelineView.swift */; };
		6D89CCD5288713A200C5F162 /* TimelineViewModel.swift in Sources */ = {isa = PBXBuildFile; fileRef = 6D89CCD4288713A200C5F162 /* TimelineViewModel.swift */; };
		6D89CCD9288713CC00C5F162 /* Tweet.swift in Sources */ = {isa = PBXBuildFile; fileRef = 6D89CCD8288713CC00C5F162 /* Tweet.swift */; };
		6D89CCDF288714E200C5F162 /* Color.swift in Sources */ = {isa = PBXBuildFile; fileRef = 6D89CCDE288714E200C5F162 /* Color.swift */; };
		6D89CCE42887211100C5F162 /* AppDelegate.swift in Sources */ = {isa = PBXBuildFile; fileRef = 6D89CCE32887211100C5F162 /* AppDelegate.swift */; };
		6D8D9AFC288D98D6000DB54E /* TwitterClientSpec.swift in Sources */ = {isa = PBXBuildFile; fileRef = 6D8D9AFB288D98D6000DB54E /* TwitterClientSpec.swift */; };
		6D8D9AFF288DFDF1000DB54E /* LoginUITests.swift in Sources */ = {isa = PBXBuildFile; fileRef = 6D8D9AFE288DFDF1000DB54E /* LoginUITests.swift */; };
		6DC1280F288A6ACD00408BC9 /* View.swift in Sources */ = {isa = PBXBuildFile; fileRef = 6DC1280E288A6ACD00408BC9 /* View.swift */; };
		6DC12811288A6B9100408BC9 /* LocalizedError.swift in Sources */ = {isa = PBXBuildFile; fileRef = 6DC12810288A6B9100408BC9 /* LocalizedError.swift */; };
		6DE9979D2887519C000D3B7F /* LogInView.swift in Sources */ = {isa = PBXBuildFile; fileRef = 6DE9979C2887519C000D3B7F /* LogInView.swift */; };
		6DE997A628876795000D3B7F /* Reusables.swift in Sources */ = {isa = PBXBuildFile; fileRef = 6DE997A528876795000D3B7F /* Reusables.swift */; };
		6DF11718288906E100D100F3 /* TimelineViewModelSpec.swift in Sources */ = {isa = PBXBuildFile; fileRef = 6DF11716288906E100D100F3 /* TimelineViewModelSpec.swift */; };
		6DF11719288906E100D100F3 /* AuthViewModelSpec.swift in Sources */ = {isa = PBXBuildFile; fileRef = 6DF11717288906E100D100F3 /* AuthViewModelSpec.swift */; };
		AD60E3C01CAC8F983F27C766 /* Pods_Twitter.framework in Frameworks */ = {isa = PBXBuildFile; fileRef = DFFA0A3DDAAD246D570C36CC /* Pods_Twitter.framework */; };
		FE0E3989DDF4827EB570D4B7 /* Pods_Twitter_TwitterUITests.framework in Frameworks */ = {isa = PBXBuildFile; fileRef = 706DDAE32B58F777A11CB6F6 /* Pods_Twitter_TwitterUITests.framework */; };
/* End PBXBuildFile section */

/* Begin PBXContainerItemProxy section */
		6D89CCA82886FEFF00C5F162 /* PBXContainerItemProxy */ = {
			isa = PBXContainerItemProxy;
			containerPortal = 6D89CC8F2886FEF900C5F162 /* Project object */;
			proxyType = 1;
			remoteGlobalIDString = 6D89CC962886FEF900C5F162;
			remoteInfo = Twitter;
		};
		6D89CCB22886FEFF00C5F162 /* PBXContainerItemProxy */ = {
			isa = PBXContainerItemProxy;
			containerPortal = 6D89CC8F2886FEF900C5F162 /* Project object */;
			proxyType = 1;
			remoteGlobalIDString = 6D89CC962886FEF900C5F162;
			remoteInfo = Twitter;
		};
/* End PBXContainerItemProxy section */

/* Begin PBXFileReference section */
		1E73FF1600067E21303C8B97 /* Pods_TwitterTests.framework */ = {isa = PBXFileReference; explicitFileType = wrapper.framework; includeInIndex = 0; path = Pods_TwitterTests.framework; sourceTree = BUILT_PRODUCTS_DIR; };
		4663EE966D0C9AF1D414C8FB /* Pods-TwitterTests.debug.xcconfig */ = {isa = PBXFileReference; includeInIndex = 1; lastKnownFileType = text.xcconfig; name = "Pods-TwitterTests.debug.xcconfig"; path = "Target Support Files/Pods-TwitterTests/Pods-TwitterTests.debug.xcconfig"; sourceTree = "<group>"; };
		59705BC0F2B6D142D9422ABD /* Pods-Twitter-TwitterUITests.debug.xcconfig */ = {isa = PBXFileReference; includeInIndex = 1; lastKnownFileType = text.xcconfig; name = "Pods-Twitter-TwitterUITests.debug.xcconfig"; path = "Target Support Files/Pods-Twitter-TwitterUITests/Pods-Twitter-TwitterUITests.debug.xcconfig"; sourceTree = "<group>"; };
		6D5B799F288863E2000DA0B9 /* AuthViewModel.swift */ = {isa = PBXFileReference; lastKnownFileType = sourcecode.swift; path = AuthViewModel.swift; sourceTree = "<group>"; };
		6D5B79A128888C95000DA0B9 /* TwitterClient.swift */ = {isa = PBXFileReference; lastKnownFileType = sourcecode.swift; path = TwitterClient.swift; sourceTree = "<group>"; };
		6D89CC972886FEF900C5F162 /* Twitter.app */ = {isa = PBXFileReference; explicitFileType = wrapper.application; includeInIndex = 0; path = Twitter.app; sourceTree = BUILT_PRODUCTS_DIR; };
		6D89CC9A2886FEF900C5F162 /* TwitterApp.swift */ = {isa = PBXFileReference; lastKnownFileType = sourcecode.swift; path = TwitterApp.swift; sourceTree = "<group>"; };
		6D89CC9E2886FEFF00C5F162 /* Assets.xcassets */ = {isa = PBXFileReference; lastKnownFileType = folder.assetcatalog; path = Assets.xcassets; sourceTree = "<group>"; };
		6D89CCA12886FEFF00C5F162 /* Preview Assets.xcassets */ = {isa = PBXFileReference; lastKnownFileType = folder.assetcatalog; path = "Preview Assets.xcassets"; sourceTree = "<group>"; };
		6D89CCA72886FEFF00C5F162 /* TwitterTests.xctest */ = {isa = PBXFileReference; explicitFileType = wrapper.cfbundle; includeInIndex = 0; path = TwitterTests.xctest; sourceTree = BUILT_PRODUCTS_DIR; };
		6D89CCB12886FEFF00C5F162 /* TwitterUITests.xctest */ = {isa = PBXFileReference; explicitFileType = wrapper.cfbundle; includeInIndex = 0; path = TwitterUITests.xctest; sourceTree = BUILT_PRODUCTS_DIR; };
		6D89CCB72886FEFF00C5F162 /* TwitterUITestsLaunchTests.swift */ = {isa = PBXFileReference; lastKnownFileType = sourcecode.swift; path = TwitterUITestsLaunchTests.swift; sourceTree = "<group>"; };
		6D89CCCF2887136300C5F162 /* TimelineView.swift */ = {isa = PBXFileReference; lastKnownFileType = sourcecode.swift; path = TimelineView.swift; sourceTree = "<group>"; };
		6D89CCD4288713A200C5F162 /* TimelineViewModel.swift */ = {isa = PBXFileReference; lastKnownFileType = sourcecode.swift; path = TimelineViewModel.swift; sourceTree = "<group>"; };
		6D89CCD8288713CC00C5F162 /* Tweet.swift */ = {isa = PBXFileReference; lastKnownFileType = sourcecode.swift; path = Tweet.swift; sourceTree = "<group>"; };
		6D89CCDE288714E200C5F162 /* Color.swift */ = {isa = PBXFileReference; lastKnownFileType = sourcecode.swift; path = Color.swift; sourceTree = "<group>"; };
		6D89CCE028871CA200C5F162 /* Info.plist */ = {isa = PBXFileReference; lastKnownFileType = text.plist.xml; path = Info.plist; sourceTree = "<group>"; };
		6D89CCE32887211100C5F162 /* AppDelegate.swift */ = {isa = PBXFileReference; lastKnownFileType = sourcecode.swift; path = AppDelegate.swift; sourceTree = "<group>"; };
		6D8D9AFB288D98D6000DB54E /* TwitterClientSpec.swift */ = {isa = PBXFileReference; lastKnownFileType = sourcecode.swift; path = TwitterClientSpec.swift; sourceTree = "<group>"; };
		6D8D9AFE288DFDF1000DB54E /* LoginUITests.swift */ = {isa = PBXFileReference; fileEncoding = 4; lastKnownFileType = sourcecode.swift; path = LoginUITests.swift; sourceTree = "<group>"; };
		6DC1280E288A6ACD00408BC9 /* View.swift */ = {isa = PBXFileReference; lastKnownFileType = sourcecode.swift; path = View.swift; sourceTree = "<group>"; };
		6DC12810288A6B9100408BC9 /* LocalizedError.swift */ = {isa = PBXFileReference; lastKnownFileType = sourcecode.swift; path = LocalizedError.swift; sourceTree = "<group>"; };
		6DE9979C2887519C000D3B7F /* LogInView.swift */ = {isa = PBXFileReference; lastKnownFileType = sourcecode.swift; path = LogInView.swift; sourceTree = "<group>"; };
		6DE997A528876795000D3B7F /* Reusables.swift */ = {isa = PBXFileReference; lastKnownFileType = sourcecode.swift; path = Reusables.swift; sourceTree = "<group>"; };
		6DF11716288906E100D100F3 /* TimelineViewModelSpec.swift */ = {isa = PBXFileReference; fileEncoding = 4; lastKnownFileType = sourcecode.swift; path = TimelineViewModelSpec.swift; sourceTree = "<group>"; };
		6DF11717288906E100D100F3 /* AuthViewModelSpec.swift */ = {isa = PBXFileReference; fileEncoding = 4; lastKnownFileType = sourcecode.swift; path = AuthViewModelSpec.swift; sourceTree = "<group>"; };
		706DDAE32B58F777A11CB6F6 /* Pods_Twitter_TwitterUITests.framework */ = {isa = PBXFileReference; explicitFileType = wrapper.framework; includeInIndex = 0; path = Pods_Twitter_TwitterUITests.framework; sourceTree = BUILT_PRODUCTS_DIR; };
		9237F8399573F9859DB93690 /* Pods-Twitter.release.xcconfig */ = {isa = PBXFileReference; includeInIndex = 1; lastKnownFileType = text.xcconfig; name = "Pods-Twitter.release.xcconfig"; path = "Target Support Files/Pods-Twitter/Pods-Twitter.release.xcconfig"; sourceTree = "<group>"; };
		A2C0FF518B303D38483005F2 /* Pods-TwitterTests.release.xcconfig */ = {isa = PBXFileReference; includeInIndex = 1; lastKnownFileType = text.xcconfig; name = "Pods-TwitterTests.release.xcconfig"; path = "Target Support Files/Pods-TwitterTests/Pods-TwitterTests.release.xcconfig"; sourceTree = "<group>"; };
		DFFA0A3DDAAD246D570C36CC /* Pods_Twitter.framework */ = {isa = PBXFileReference; explicitFileType = wrapper.framework; includeInIndex = 0; path = Pods_Twitter.framework; sourceTree = BUILT_PRODUCTS_DIR; };
		E03E097072D802334F29D5A2 /* Pods-Twitter.debug.xcconfig */ = {isa = PBXFileReference; includeInIndex = 1; lastKnownFileType = text.xcconfig; name = "Pods-Twitter.debug.xcconfig"; path = "Target Support Files/Pods-Twitter/Pods-Twitter.debug.xcconfig"; sourceTree = "<group>"; };
		E07AC0A0A17B70122DDEFE43 /* Pods-Twitter-TwitterUITests.release.xcconfig */ = {isa = PBXFileReference; includeInIndex = 1; lastKnownFileType = text.xcconfig; name = "Pods-Twitter-TwitterUITests.release.xcconfig"; path = "Target Support Files/Pods-Twitter-TwitterUITests/Pods-Twitter-TwitterUITests.release.xcconfig"; sourceTree = "<group>"; };
/* End PBXFileReference section */

/* Begin PBXFrameworksBuildPhase section */
		6D89CC942886FEF900C5F162 /* Frameworks */ = {
			isa = PBXFrameworksBuildPhase;
			buildActionMask = 2147483647;
			files = (
				AD60E3C01CAC8F983F27C766 /* Pods_Twitter.framework in Frameworks */,
			);
			runOnlyForDeploymentPostprocessing = 0;
		};
		6D89CCA42886FEFF00C5F162 /* Frameworks */ = {
			isa = PBXFrameworksBuildPhase;
			buildActionMask = 2147483647;
			files = (
				21EEB2A42A97A64F6D504196 /* Pods_TwitterTests.framework in Frameworks */,
			);
			runOnlyForDeploymentPostprocessing = 0;
		};
		6D89CCAE2886FEFF00C5F162 /* Frameworks */ = {
			isa = PBXFrameworksBuildPhase;
			buildActionMask = 2147483647;
			files = (
				FE0E3989DDF4827EB570D4B7 /* Pods_Twitter_TwitterUITests.framework in Frameworks */,
			);
			runOnlyForDeploymentPostprocessing = 0;
		};
/* End PBXFrameworksBuildPhase section */

/* Begin PBXGroup section */
		6D89CC8E2886FEF900C5F162 = {
			isa = PBXGroup;
			children = (
				6D89CC992886FEF900C5F162 /* Twitter */,
				6D89CCAA2886FEFF00C5F162 /* TwitterTests */,
				6D89CCB42886FEFF00C5F162 /* TwitterUITests */,
				6D89CC982886FEF900C5F162 /* Products */,
				7D065706107DAE1B00E563C1 /* Pods */,
				E23386937C61EDA701D88865 /* Frameworks */,
			);
			sourceTree = "<group>";
		};
		6D89CC982886FEF900C5F162 /* Products */ = {
			isa = PBXGroup;
			children = (
				6D89CC972886FEF900C5F162 /* Twitter.app */,
				6D89CCA72886FEFF00C5F162 /* TwitterTests.xctest */,
				6D89CCB12886FEFF00C5F162 /* TwitterUITests.xctest */,
			);
			name = Products;
			sourceTree = "<group>";
		};
		6D89CC992886FEF900C5F162 /* Twitter */ = {
			isa = PBXGroup;
			children = (
				6D89CCE32887211100C5F162 /* AppDelegate.swift */,
				6D89CC9A2886FEF900C5F162 /* TwitterApp.swift */,
				6D89CCE52887212400C5F162 /* Ressources */,
				6D89CCD12887137200C5F162 /* Services */,
				6D89CCC8288710B000C5F162 /* Views */,
				6D89CCC7288710A400C5F162 /* Models */,
				6D89CCC62887109B00C5F162 /* ViewModels */,
				6D89CCC52887108F00C5F162 /* Extensions */,
				6D89CCA02886FEFF00C5F162 /* Preview Content */,
			);
			path = Twitter;
			sourceTree = "<group>";
		};
		6D89CCA02886FEFF00C5F162 /* Preview Content */ = {
			isa = PBXGroup;
			children = (
				6D89CCA12886FEFF00C5F162 /* Preview Assets.xcassets */,
			);
			path = "Preview Content";
			sourceTree = "<group>";
		};
		6D89CCAA2886FEFF00C5F162 /* TwitterTests */ = {
			isa = PBXGroup;
			children = (
				6D8D9AFD288D9E7D000DB54E /* ViewModels */,
				6D8D9AFA288D982E000DB54E /* Services */,
			);
			path = TwitterTests;
			sourceTree = "<group>";
		};
		6D89CCB42886FEFF00C5F162 /* TwitterUITests */ = {
			isa = PBXGroup;
			children = (
				6D8D9AFE288DFDF1000DB54E /* LoginUITests.swift */,
				6D89CCB72886FEFF00C5F162 /* TwitterUITestsLaunchTests.swift */,
			);
			path = TwitterUITests;
			sourceTree = "<group>";
		};
		6D89CCC52887108F00C5F162 /* Extensions */ = {
			isa = PBXGroup;
			children = (
				6D89CCDE288714E200C5F162 /* Color.swift */,
				6DC1280E288A6ACD00408BC9 /* View.swift */,
			);
			path = Extensions;
			sourceTree = "<group>";
		};
		6D89CCC62887109B00C5F162 /* ViewModels */ = {
			isa = PBXGroup;
			children = (
				6D89CCD4288713A200C5F162 /* TimelineViewModel.swift */,
				6D5B799F288863E2000DA0B9 /* AuthViewModel.swift */,
			);
			path = ViewModels;
			sourceTree = "<group>";
		};
		6D89CCC7288710A400C5F162 /* Models */ = {
			isa = PBXGroup;
			children = (
				6D89CCD8288713CC00C5F162 /* Tweet.swift */,
				6DC12810288A6B9100408BC9 /* LocalizedError.swift */,
			);
			path = Models;
			sourceTree = "<group>";
		};
		6D89CCC8288710B000C5F162 /* Views */ = {
			isa = PBXGroup;
			children = (
				6DC12812288A6CED00408BC9 /* Screen */,
				6DE997A528876795000D3B7F /* Reusables.swift */,
			);
			path = Views;
			sourceTree = "<group>";
		};
		6D89CCD12887137200C5F162 /* Services */ = {
			isa = PBXGroup;
			children = (
				6D5B79A128888C95000DA0B9 /* TwitterClient.swift */,
			);
			path = Services;
			sourceTree = "<group>";
		};
		6D89CCE52887212400C5F162 /* Ressources */ = {
			isa = PBXGroup;
			children = (
				6D89CC9E2886FEFF00C5F162 /* Assets.xcassets */,
				6D89CCE028871CA200C5F162 /* Info.plist */,
			);
			path = Ressources;
			sourceTree = "<group>";
		};
		6D8D9AFA288D982E000DB54E /* Services */ = {
			isa = PBXGroup;
			children = (
				6D8D9AFB288D98D6000DB54E /* TwitterClientSpec.swift */,
			);
			path = Services;
			sourceTree = "<group>";
		};
		6D8D9AFD288D9E7D000DB54E /* ViewModels */ = {
			isa = PBXGroup;
			children = (
				6DF11716288906E100D100F3 /* TimelineViewModelSpec.swift */,
				6DF11717288906E100D100F3 /* AuthViewModelSpec.swift */,
			);
			path = ViewModels;
			sourceTree = "<group>";
		};
		6DC12812288A6CED00408BC9 /* Screen */ = {
			isa = PBXGroup;
			children = (
				6DE9979C2887519C000D3B7F /* LogInView.swift */,
				6D89CCCF2887136300C5F162 /* TimelineView.swift */,
			);
			path = Screen;
			sourceTree = "<group>";
		};
		7D065706107DAE1B00E563C1 /* Pods */ = {
			isa = PBXGroup;
			children = (
				E03E097072D802334F29D5A2 /* Pods-Twitter.debug.xcconfig */,
				9237F8399573F9859DB93690 /* Pods-Twitter.release.xcconfig */,
				59705BC0F2B6D142D9422ABD /* Pods-Twitter-TwitterUITests.debug.xcconfig */,
				E07AC0A0A17B70122DDEFE43 /* Pods-Twitter-TwitterUITests.release.xcconfig */,
				4663EE966D0C9AF1D414C8FB /* Pods-TwitterTests.debug.xcconfig */,
				A2C0FF518B303D38483005F2 /* Pods-TwitterTests.release.xcconfig */,
			);
			path = Pods;
			sourceTree = "<group>";
		};
		E23386937C61EDA701D88865 /* Frameworks */ = {
			isa = PBXGroup;
			children = (
				DFFA0A3DDAAD246D570C36CC /* Pods_Twitter.framework */,
				706DDAE32B58F777A11CB6F6 /* Pods_Twitter_TwitterUITests.framework */,
				1E73FF1600067E21303C8B97 /* Pods_TwitterTests.framework */,
			);
			name = Frameworks;
			sourceTree = "<group>";
		};
/* End PBXGroup section */

/* Begin PBXNativeTarget section */
		6D89CC962886FEF900C5F162 /* Twitter */ = {
			isa = PBXNativeTarget;
			buildConfigurationList = 6D89CCBB2886FEFF00C5F162 /* Build configuration list for PBXNativeTarget "Twitter" */;
			buildPhases = (
				E191E6B493F6036105419684 /* [CP] Check Pods Manifest.lock */,
				6D89CC932886FEF900C5F162 /* Sources */,
				6D89CC942886FEF900C5F162 /* Frameworks */,
				6D89CC952886FEF900C5F162 /* Resources */,
				B1AE212A8F0FA6D292A8DDDF /* [CP] Embed Pods Frameworks */,
			);
			buildRules = (
			);
			dependencies = (
			);
			name = Twitter;
			productName = Twitter;
			productReference = 6D89CC972886FEF900C5F162 /* Twitter.app */;
			productType = "com.apple.product-type.application";
		};
		6D89CCA62886FEFF00C5F162 /* TwitterTests */ = {
			isa = PBXNativeTarget;
			buildConfigurationList = 6D89CCBE2886FEFF00C5F162 /* Build configuration list for PBXNativeTarget "TwitterTests" */;
			buildPhases = (
				19D89C8886ADF4032F268D4B /* [CP] Check Pods Manifest.lock */,
				6D89CCA32886FEFF00C5F162 /* Sources */,
				6D89CCA42886FEFF00C5F162 /* Frameworks */,
				6D89CCA52886FEFF00C5F162 /* Resources */,
			);
			buildRules = (
			);
			dependencies = (
				6D89CCA92886FEFF00C5F162 /* PBXTargetDependency */,
			);
			name = TwitterTests;
			productName = TwitterTests;
			productReference = 6D89CCA72886FEFF00C5F162 /* TwitterTests.xctest */;
			productType = "com.apple.product-type.bundle.unit-test";
		};
		6D89CCB02886FEFF00C5F162 /* TwitterUITests */ = {
			isa = PBXNativeTarget;
			buildConfigurationList = 6D89CCC12886FEFF00C5F162 /* Build configuration list for PBXNativeTarget "TwitterUITests" */;
			buildPhases = (
				AAA10820DD1E4B0DC2BB4830 /* [CP] Check Pods Manifest.lock */,
				6D89CCAD2886FEFF00C5F162 /* Sources */,
				6D89CCAE2886FEFF00C5F162 /* Frameworks */,
				6D89CCAF2886FEFF00C5F162 /* Resources */,
				E134A2E81C40DAB34AB2B6BB /* [CP] Embed Pods Frameworks */,
			);
			buildRules = (
			);
			dependencies = (
				6D89CCB32886FEFF00C5F162 /* PBXTargetDependency */,
			);
			name = TwitterUITests;
			productName = TwitterUITests;
			productReference = 6D89CCB12886FEFF00C5F162 /* TwitterUITests.xctest */;
			productType = "com.apple.product-type.bundle.ui-testing";
		};
/* End PBXNativeTarget section */

/* Begin PBXProject section */
		6D89CC8F2886FEF900C5F162 /* Project object */ = {
			isa = PBXProject;
			attributes = {
				BuildIndependentTargetsInParallel = 1;
				LastSwiftUpdateCheck = 1340;
				LastUpgradeCheck = 1340;
				TargetAttributes = {
					6D89CC962886FEF900C5F162 = {
						CreatedOnToolsVersion = 13.4.1;
					};
					6D89CCA62886FEFF00C5F162 = {
						CreatedOnToolsVersion = 13.4.1;
						LastSwiftMigration = 1340;
						TestTargetID = 6D89CC962886FEF900C5F162;
					};
					6D89CCB02886FEFF00C5F162 = {
						CreatedOnToolsVersion = 13.4.1;
						TestTargetID = 6D89CC962886FEF900C5F162;
					};
				};
			};
			buildConfigurationList = 6D89CC922886FEF900C5F162 /* Build configuration list for PBXProject "Twitter" */;
			compatibilityVersion = "Xcode 13.0";
			developmentRegion = en;
			hasScannedForEncodings = 0;
			knownRegions = (
				en,
				Base,
			);
			mainGroup = 6D89CC8E2886FEF900C5F162;
			productRefGroup = 6D89CC982886FEF900C5F162 /* Products */;
			projectDirPath = "";
			projectRoot = "";
			targets = (
				6D89CC962886FEF900C5F162 /* Twitter */,
				6D89CCA62886FEFF00C5F162 /* TwitterTests */,
				6D89CCB02886FEFF00C5F162 /* TwitterUITests */,
			);
		};
/* End PBXProject section */

/* Begin PBXResourcesBuildPhase section */
		6D89CC952886FEF900C5F162 /* Resources */ = {
			isa = PBXResourcesBuildPhase;
			buildActionMask = 2147483647;
			files = (
				6D89CCA22886FEFF00C5F162 /* Preview Assets.xcassets in Resources */,
				6D89CC9F2886FEFF00C5F162 /* Assets.xcassets in Resources */,
			);
			runOnlyForDeploymentPostprocessing = 0;
		};
		6D89CCA52886FEFF00C5F162 /* Resources */ = {
			isa = PBXResourcesBuildPhase;
			buildActionMask = 2147483647;
			files = (
			);
			runOnlyForDeploymentPostprocessing = 0;
		};
		6D89CCAF2886FEFF00C5F162 /* Resources */ = {
			isa = PBXResourcesBuildPhase;
			buildActionMask = 2147483647;
			files = (
			);
			runOnlyForDeploymentPostprocessing = 0;
		};
/* End PBXResourcesBuildPhase section */

/* Begin PBXShellScriptBuildPhase section */
		19D89C8886ADF4032F268D4B /* [CP] Check Pods Manifest.lock */ = {
			isa = PBXShellScriptBuildPhase;
			buildActionMask = 2147483647;
			files = (
			);
			inputFileListPaths = (
			);
			inputPaths = (
				"${PODS_PODFILE_DIR_PATH}/Podfile.lock",
				"${PODS_ROOT}/Manifest.lock",
			);
			name = "[CP] Check Pods Manifest.lock";
			outputFileListPaths = (
			);
			outputPaths = (
				"$(DERIVED_FILE_DIR)/Pods-TwitterTests-checkManifestLockResult.txt",
			);
			runOnlyForDeploymentPostprocessing = 0;
			shellPath = /bin/sh;
			shellScript = "diff \"${PODS_PODFILE_DIR_PATH}/Podfile.lock\" \"${PODS_ROOT}/Manifest.lock\" > /dev/null\nif [ $? != 0 ] ; then\n    # print error to STDERR\n    echo \"error: The sandbox is not in sync with the Podfile.lock. Run 'pod install' or update your CocoaPods installation.\" >&2\n    exit 1\nfi\n# This output is used by Xcode 'outputs' to avoid re-running this script phase.\necho \"SUCCESS\" > \"${SCRIPT_OUTPUT_FILE_0}\"\n";
			showEnvVarsInLog = 0;
		};
		AAA10820DD1E4B0DC2BB4830 /* [CP] Check Pods Manifest.lock */ = {
			isa = PBXShellScriptBuildPhase;
			buildActionMask = 2147483647;
			files = (
			);
			inputFileListPaths = (
			);
			inputPaths = (
				"${PODS_PODFILE_DIR_PATH}/Podfile.lock",
				"${PODS_ROOT}/Manifest.lock",
			);
			name = "[CP] Check Pods Manifest.lock";
			outputFileListPaths = (
			);
			outputPaths = (
				"$(DERIVED_FILE_DIR)/Pods-Twitter-TwitterUITests-checkManifestLockResult.txt",
			);
			runOnlyForDeploymentPostprocessing = 0;
			shellPath = /bin/sh;
			shellScript = "diff \"${PODS_PODFILE_DIR_PATH}/Podfile.lock\" \"${PODS_ROOT}/Manifest.lock\" > /dev/null\nif [ $? != 0 ] ; then\n    # print error to STDERR\n    echo \"error: The sandbox is not in sync with the Podfile.lock. Run 'pod install' or update your CocoaPods installation.\" >&2\n    exit 1\nfi\n# This output is used by Xcode 'outputs' to avoid re-running this script phase.\necho \"SUCCESS\" > \"${SCRIPT_OUTPUT_FILE_0}\"\n";
			showEnvVarsInLog = 0;
		};
		B1AE212A8F0FA6D292A8DDDF /* [CP] Embed Pods Frameworks */ = {
			isa = PBXShellScriptBuildPhase;
			buildActionMask = 2147483647;
			files = (
			);
			inputFileListPaths = (
				"${PODS_ROOT}/Target Support Files/Pods-Twitter/Pods-Twitter-frameworks-${CONFIGURATION}-input-files.xcfilelist",
			);
			name = "[CP] Embed Pods Frameworks";
			outputFileListPaths = (
				"${PODS_ROOT}/Target Support Files/Pods-Twitter/Pods-Twitter-frameworks-${CONFIGURATION}-output-files.xcfilelist",
			);
			runOnlyForDeploymentPostprocessing = 0;
			shellPath = /bin/sh;
			shellScript = "\"${PODS_ROOT}/Target Support Files/Pods-Twitter/Pods-Twitter-frameworks.sh\"\n";
			showEnvVarsInLog = 0;
		};
		E134A2E81C40DAB34AB2B6BB /* [CP] Embed Pods Frameworks */ = {
			isa = PBXShellScriptBuildPhase;
			buildActionMask = 2147483647;
			files = (
			);
			inputFileListPaths = (
				"${PODS_ROOT}/Target Support Files/Pods-Twitter-TwitterUITests/Pods-Twitter-TwitterUITests-frameworks-${CONFIGURATION}-input-files.xcfilelist",
			);
			name = "[CP] Embed Pods Frameworks";
			outputFileListPaths = (
				"${PODS_ROOT}/Target Support Files/Pods-Twitter-TwitterUITests/Pods-Twitter-TwitterUITests-frameworks-${CONFIGURATION}-output-files.xcfilelist",
			);
			runOnlyForDeploymentPostprocessing = 0;
			shellPath = /bin/sh;
			shellScript = "\"${PODS_ROOT}/Target Support Files/Pods-Twitter-TwitterUITests/Pods-Twitter-TwitterUITests-frameworks.sh\"\n";
			showEnvVarsInLog = 0;
		};
		E191E6B493F6036105419684 /* [CP] Check Pods Manifest.lock */ = {
			isa = PBXShellScriptBuildPhase;
			buildActionMask = 2147483647;
			files = (
			);
			inputFileListPaths = (
			);
			inputPaths = (
				"${PODS_PODFILE_DIR_PATH}/Podfile.lock",
				"${PODS_ROOT}/Manifest.lock",
			);
			name = "[CP] Check Pods Manifest.lock";
			outputFileListPaths = (
			);
			outputPaths = (
				"$(DERIVED_FILE_DIR)/Pods-Twitter-checkManifestLockResult.txt",
			);
			runOnlyForDeploymentPostprocessing = 0;
			shellPath = /bin/sh;
			shellScript = "diff \"${PODS_PODFILE_DIR_PATH}/Podfile.lock\" \"${PODS_ROOT}/Manifest.lock\" > /dev/null\nif [ $? != 0 ] ; then\n    # print error to STDERR\n    echo \"error: The sandbox is not in sync with the Podfile.lock. Run 'pod install' or update your CocoaPods installation.\" >&2\n    exit 1\nfi\n# This output is used by Xcode 'outputs' to avoid re-running this script phase.\necho \"SUCCESS\" > \"${SCRIPT_OUTPUT_FILE_0}\"\n";
			showEnvVarsInLog = 0;
		};
/* End PBXShellScriptBuildPhase section */

/* Begin PBXSourcesBuildPhase section */
		6D89CC932886FEF900C5F162 /* Sources */ = {
			isa = PBXSourcesBuildPhase;
			buildActionMask = 2147483647;
			files = (
				6DC12811288A6B9100408BC9 /* LocalizedError.swift in Sources */,
				6D89CCE42887211100C5F162 /* AppDelegate.swift in Sources */,
				6D89CCD02887136300C5F162 /* TimelineView.swift in Sources */,
				6D89CCDF288714E200C5F162 /* Color.swift in Sources */,
				6D89CCD5288713A200C5F162 /* TimelineViewModel.swift in Sources */,
				6DE997A628876795000D3B7F /* Reusables.swift in Sources */,
				6D5B79A0288863E2000DA0B9 /* AuthViewModel.swift in Sources */,
				6D89CC9B2886FEF900C5F162 /* TwitterApp.swift in Sources */,
				6D5B79A228888C95000DA0B9 /* TwitterClient.swift in Sources */,
				6D89CCD9288713CC00C5F162 /* Tweet.swift in Sources */,
				6DC1280F288A6ACD00408BC9 /* View.swift in Sources */,
				6DE9979D2887519C000D3B7F /* LogInView.swift in Sources */,
			);
			runOnlyForDeploymentPostprocessing = 0;
		};
		6D89CCA32886FEFF00C5F162 /* Sources */ = {
			isa = PBXSourcesBuildPhase;
			buildActionMask = 2147483647;
			files = (
				6DF11718288906E100D100F3 /* TimelineViewModelSpec.swift in Sources */,
				6DF11719288906E100D100F3 /* AuthViewModelSpec.swift in Sources */,
				6D8D9AFC288D98D6000DB54E /* TwitterClientSpec.swift in Sources */,
			);
			runOnlyForDeploymentPostprocessing = 0;
		};
		6D89CCAD2886FEFF00C5F162 /* Sources */ = {
			isa = PBXSourcesBuildPhase;
			buildActionMask = 2147483647;
			files = (
				6D89CCB82886FEFF00C5F162 /* TwitterUITestsLaunchTests.swift in Sources */,
				6D8D9AFF288DFDF1000DB54E /* LoginUITests.swift in Sources */,
			);
			runOnlyForDeploymentPostprocessing = 0;
		};
/* End PBXSourcesBuildPhase section */

/* Begin PBXTargetDependency section */
		6D89CCA92886FEFF00C5F162 /* PBXTargetDependency */ = {
			isa = PBXTargetDependency;
			target = 6D89CC962886FEF900C5F162 /* Twitter */;
			targetProxy = 6D89CCA82886FEFF00C5F162 /* PBXContainerItemProxy */;
		};
		6D89CCB32886FEFF00C5F162 /* PBXTargetDependency */ = {
			isa = PBXTargetDependency;
			target = 6D89CC962886FEF900C5F162 /* Twitter */;
			targetProxy = 6D89CCB22886FEFF00C5F162 /* PBXContainerItemProxy */;
		};
/* End PBXTargetDependency section */

/* Begin XCBuildConfiguration section */
		6D89CCB92886FEFF00C5F162 /* Debug */ = {
			isa = XCBuildConfiguration;
			buildSettings = {
				ALWAYS_SEARCH_USER_PATHS = NO;
				CLANG_ANALYZER_NONNULL = YES;
				CLANG_ANALYZER_NUMBER_OBJECT_CONVERSION = YES_AGGRESSIVE;
				CLANG_CXX_LANGUAGE_STANDARD = "gnu++17";
				CLANG_ENABLE_MODULES = YES;
				CLANG_ENABLE_OBJC_ARC = YES;
				CLANG_ENABLE_OBJC_WEAK = YES;
				CLANG_WARN_BLOCK_CAPTURE_AUTORELEASING = YES;
				CLANG_WARN_BOOL_CONVERSION = YES;
				CLANG_WARN_COMMA = YES;
				CLANG_WARN_CONSTANT_CONVERSION = YES;
				CLANG_WARN_DEPRECATED_OBJC_IMPLEMENTATIONS = YES;
				CLANG_WARN_DIRECT_OBJC_ISA_USAGE = YES_ERROR;
				CLANG_WARN_DOCUMENTATION_COMMENTS = YES;
				CLANG_WARN_EMPTY_BODY = YES;
				CLANG_WARN_ENUM_CONVERSION = YES;
				CLANG_WARN_INFINITE_RECURSION = YES;
				CLANG_WARN_INT_CONVERSION = YES;
				CLANG_WARN_NON_LITERAL_NULL_CONVERSION = YES;
				CLANG_WARN_OBJC_IMPLICIT_RETAIN_SELF = YES;
				CLANG_WARN_OBJC_LITERAL_CONVERSION = YES;
				CLANG_WARN_OBJC_ROOT_CLASS = YES_ERROR;
				CLANG_WARN_QUOTED_INCLUDE_IN_FRAMEWORK_HEADER = YES;
				CLANG_WARN_RANGE_LOOP_ANALYSIS = YES;
				CLANG_WARN_STRICT_PROTOTYPES = YES;
				CLANG_WARN_SUSPICIOUS_MOVE = YES;
				CLANG_WARN_UNGUARDED_AVAILABILITY = YES_AGGRESSIVE;
				CLANG_WARN_UNREACHABLE_CODE = YES;
				CLANG_WARN__DUPLICATE_METHOD_MATCH = YES;
				COPY_PHASE_STRIP = NO;
				DEBUG_INFORMATION_FORMAT = dwarf;
				ENABLE_STRICT_OBJC_MSGSEND = YES;
				ENABLE_TESTABILITY = YES;
				GCC_C_LANGUAGE_STANDARD = gnu11;
				GCC_DYNAMIC_NO_PIC = NO;
				GCC_NO_COMMON_BLOCKS = YES;
				GCC_OPTIMIZATION_LEVEL = 0;
				GCC_PREPROCESSOR_DEFINITIONS = (
					"DEBUG=1",
					"$(inherited)",
				);
				GCC_WARN_64_TO_32_BIT_CONVERSION = YES;
				GCC_WARN_ABOUT_RETURN_TYPE = YES_ERROR;
				GCC_WARN_UNDECLARED_SELECTOR = YES;
				GCC_WARN_UNINITIALIZED_AUTOS = YES_AGGRESSIVE;
				GCC_WARN_UNUSED_FUNCTION = YES;
				GCC_WARN_UNUSED_VARIABLE = YES;
				IPHONEOS_DEPLOYMENT_TARGET = 15.5;
				MTL_ENABLE_DEBUG_INFO = INCLUDE_SOURCE;
				MTL_FAST_MATH = YES;
				ONLY_ACTIVE_ARCH = YES;
				SDKROOT = iphoneos;
				SWIFT_ACTIVE_COMPILATION_CONDITIONS = DEBUG;
				SWIFT_OPTIMIZATION_LEVEL = "-Onone";
			};
			name = Debug;
		};
		6D89CCBA2886FEFF00C5F162 /* Release */ = {
			isa = XCBuildConfiguration;
			buildSettings = {
				ALWAYS_SEARCH_USER_PATHS = NO;
				CLANG_ANALYZER_NONNULL = YES;
				CLANG_ANALYZER_NUMBER_OBJECT_CONVERSION = YES_AGGRESSIVE;
				CLANG_CXX_LANGUAGE_STANDARD = "gnu++17";
				CLANG_ENABLE_MODULES = YES;
				CLANG_ENABLE_OBJC_ARC = YES;
				CLANG_ENABLE_OBJC_WEAK = YES;
				CLANG_WARN_BLOCK_CAPTURE_AUTORELEASING = YES;
				CLANG_WARN_BOOL_CONVERSION = YES;
				CLANG_WARN_COMMA = YES;
				CLANG_WARN_CONSTANT_CONVERSION = YES;
				CLANG_WARN_DEPRECATED_OBJC_IMPLEMENTATIONS = YES;
				CLANG_WARN_DIRECT_OBJC_ISA_USAGE = YES_ERROR;
				CLANG_WARN_DOCUMENTATION_COMMENTS = YES;
				CLANG_WARN_EMPTY_BODY = YES;
				CLANG_WARN_ENUM_CONVERSION = YES;
				CLANG_WARN_INFINITE_RECURSION = YES;
				CLANG_WARN_INT_CONVERSION = YES;
				CLANG_WARN_NON_LITERAL_NULL_CONVERSION = YES;
				CLANG_WARN_OBJC_IMPLICIT_RETAIN_SELF = YES;
				CLANG_WARN_OBJC_LITERAL_CONVERSION = YES;
				CLANG_WARN_OBJC_ROOT_CLASS = YES_ERROR;
				CLANG_WARN_QUOTED_INCLUDE_IN_FRAMEWORK_HEADER = YES;
				CLANG_WARN_RANGE_LOOP_ANALYSIS = YES;
				CLANG_WARN_STRICT_PROTOTYPES = YES;
				CLANG_WARN_SUSPICIOUS_MOVE = YES;
				CLANG_WARN_UNGUARDED_AVAILABILITY = YES_AGGRESSIVE;
				CLANG_WARN_UNREACHABLE_CODE = YES;
				CLANG_WARN__DUPLICATE_METHOD_MATCH = YES;
				COPY_PHASE_STRIP = NO;
				DEBUG_INFORMATION_FORMAT = "dwarf-with-dsym";
				ENABLE_NS_ASSERTIONS = NO;
				ENABLE_STRICT_OBJC_MSGSEND = YES;
				GCC_C_LANGUAGE_STANDARD = gnu11;
				GCC_NO_COMMON_BLOCKS = YES;
				GCC_WARN_64_TO_32_BIT_CONVERSION = YES;
				GCC_WARN_ABOUT_RETURN_TYPE = YES_ERROR;
				GCC_WARN_UNDECLARED_SELECTOR = YES;
				GCC_WARN_UNINITIALIZED_AUTOS = YES_AGGRESSIVE;
				GCC_WARN_UNUSED_FUNCTION = YES;
				GCC_WARN_UNUSED_VARIABLE = YES;
				IPHONEOS_DEPLOYMENT_TARGET = 15.5;
				MTL_ENABLE_DEBUG_INFO = NO;
				MTL_FAST_MATH = YES;
				SDKROOT = iphoneos;
				SWIFT_COMPILATION_MODE = wholemodule;
				SWIFT_OPTIMIZATION_LEVEL = "-O";
				VALIDATE_PRODUCT = YES;
			};
			name = Release;
		};
		6D89CCBC2886FEFF00C5F162 /* Debug */ = {
			isa = XCBuildConfiguration;
			baseConfigurationReference = E03E097072D802334F29D5A2 /* Pods-Twitter.debug.xcconfig */;
			buildSettings = {
				ASSETCATALOG_COMPILER_APPICON_NAME = AppIcon;
				ASSETCATALOG_COMPILER_GLOBAL_ACCENT_COLOR_NAME = AccentColor;
				CODE_SIGN_STYLE = Automatic;
				CURRENT_PROJECT_VERSION = 1;
				DEVELOPMENT_ASSET_PATHS = "\"Twitter/Preview Content\"";
				DEVELOPMENT_TEAM = FHE2BMTPG3;
				ENABLE_PREVIEWS = YES;
				GENERATE_INFOPLIST_FILE = YES;
				INFOPLIST_FILE = Twitter/Ressources/Info.plist;
				INFOPLIST_KEY_UIApplicationSceneManifest_Generation = YES;
				INFOPLIST_KEY_UIApplicationSupportsIndirectInputEvents = YES;
				INFOPLIST_KEY_UILaunchScreen_Generation = YES;
				INFOPLIST_KEY_UISupportedInterfaceOrientations_iPad = "UIInterfaceOrientationPortrait UIInterfaceOrientationPortraitUpsideDown UIInterfaceOrientationLandscapeLeft UIInterfaceOrientationLandscapeRight";
				INFOPLIST_KEY_UISupportedInterfaceOrientations_iPhone = "UIInterfaceOrientationPortrait UIInterfaceOrientationLandscapeLeft UIInterfaceOrientationLandscapeRight";
				LD_RUNPATH_SEARCH_PATHS = (
					"$(inherited)",
					"@executable_path/Frameworks",
				);
				MARKETING_VERSION = 1.0;
				PRODUCT_BUNDLE_IDENTIFIER = com.twitter.twitter;
				PRODUCT_NAME = "$(TARGET_NAME)";
				SWIFT_EMIT_LOC_STRINGS = YES;
				SWIFT_VERSION = 5.0;
				TARGETED_DEVICE_FAMILY = "1,2";
			};
			name = Debug;
		};
		6D89CCBD2886FEFF00C5F162 /* Release */ = {
			isa = XCBuildConfiguration;
			baseConfigurationReference = 9237F8399573F9859DB93690 /* Pods-Twitter.release.xcconfig */;
			buildSettings = {
				ASSETCATALOG_COMPILER_APPICON_NAME = AppIcon;
				ASSETCATALOG_COMPILER_GLOBAL_ACCENT_COLOR_NAME = AccentColor;
				CODE_SIGN_STYLE = Automatic;
				CURRENT_PROJECT_VERSION = 1;
				DEVELOPMENT_ASSET_PATHS = "\"Twitter/Preview Content\"";
				DEVELOPMENT_TEAM = FHE2BMTPG3;
				ENABLE_PREVIEWS = YES;
				GENERATE_INFOPLIST_FILE = YES;
				INFOPLIST_FILE = Twitter/Ressources/Info.plist;
				INFOPLIST_KEY_UIApplicationSceneManifest_Generation = YES;
				INFOPLIST_KEY_UIApplicationSupportsIndirectInputEvents = YES;
				INFOPLIST_KEY_UILaunchScreen_Generation = YES;
				INFOPLIST_KEY_UISupportedInterfaceOrientations_iPad = "UIInterfaceOrientationPortrait UIInterfaceOrientationPortraitUpsideDown UIInterfaceOrientationLandscapeLeft UIInterfaceOrientationLandscapeRight";
				INFOPLIST_KEY_UISupportedInterfaceOrientations_iPhone = "UIInterfaceOrientationPortrait UIInterfaceOrientationLandscapeLeft UIInterfaceOrientationLandscapeRight";
				LD_RUNPATH_SEARCH_PATHS = (
					"$(inherited)",
					"@executable_path/Frameworks",
				);
				MARKETING_VERSION = 1.0;
				PRODUCT_BUNDLE_IDENTIFIER = com.twitter.twitter;
				PRODUCT_NAME = "$(TARGET_NAME)";
				SWIFT_EMIT_LOC_STRINGS = YES;
				SWIFT_VERSION = 5.0;
				TARGETED_DEVICE_FAMILY = "1,2";
			};
			name = Release;
		};
		6D89CCBF2886FEFF00C5F162 /* Debug */ = {
			isa = XCBuildConfiguration;
			baseConfigurationReference = 4663EE966D0C9AF1D414C8FB /* Pods-TwitterTests.debug.xcconfig */;
			buildSettings = {
				ALWAYS_EMBED_SWIFT_STANDARD_LIBRARIES = YES;
				BUNDLE_LOADER = "$(TEST_HOST)";
				CLANG_ENABLE_MODULES = YES;
				CODE_SIGN_STYLE = Automatic;
				CURRENT_PROJECT_VERSION = 1;
				DEVELOPMENT_TEAM = FHE2BMTPG3;
				GENERATE_INFOPLIST_FILE = YES;
				IPHONEOS_DEPLOYMENT_TARGET = 15.5;
				LD_RUNPATH_SEARCH_PATHS = (
					"$(inherited)",
					"@executable_path/Frameworks",
					"@loader_path/Frameworks",
				);
				MARKETING_VERSION = 1.0;
				PRODUCT_BUNDLE_IDENTIFIER = com.kurbs.TwitterTests;
				PRODUCT_NAME = "$(TARGET_NAME)";
				SWIFT_EMIT_LOC_STRINGS = NO;
				SWIFT_OPTIMIZATION_LEVEL = "-Onone";
				SWIFT_VERSION = 5.0;
				TARGETED_DEVICE_FAMILY = "1,2";
				TEST_HOST = "$(BUILT_PRODUCTS_DIR)/Twitter.app/Twitter";
			};
			name = Debug;
		};
		6D89CCC02886FEFF00C5F162 /* Release */ = {
			isa = XCBuildConfiguration;
			baseConfigurationReference = A2C0FF518B303D38483005F2 /* Pods-TwitterTests.release.xcconfig */;
			buildSettings = {
				ALWAYS_EMBED_SWIFT_STANDARD_LIBRARIES = YES;
				BUNDLE_LOADER = "$(TEST_HOST)";
				CLANG_ENABLE_MODULES = YES;
				CODE_SIGN_STYLE = Automatic;
				CURRENT_PROJECT_VERSION = 1;
				DEVELOPMENT_TEAM = FHE2BMTPG3;
				GENERATE_INFOPLIST_FILE = YES;
				IPHONEOS_DEPLOYMENT_TARGET = 15.5;
				LD_RUNPATH_SEARCH_PATHS = (
					"$(inherited)",
					"@executable_path/Frameworks",
					"@loader_path/Frameworks",
				);
				MARKETING_VERSION = 1.0;
				PRODUCT_BUNDLE_IDENTIFIER = com.kurbs.TwitterTests;
				PRODUCT_NAME = "$(TARGET_NAME)";
				SWIFT_EMIT_LOC_STRINGS = NO;
				SWIFT_VERSION = 5.0;
				TARGETED_DEVICE_FAMILY = "1,2";
				TEST_HOST = "$(BUILT_PRODUCTS_DIR)/Twitter.app/Twitter";
			};
			name = Release;
		};
		6D89CCC22886FEFF00C5F162 /* Debug */ = {
			isa = XCBuildConfiguration;
			baseConfigurationReference = 59705BC0F2B6D142D9422ABD /* Pods-Twitter-TwitterUITests.debug.xcconfig */;
			buildSettings = {
				ALWAYS_EMBED_SWIFT_STANDARD_LIBRARIES = YES;
				CODE_SIGN_STYLE = Automatic;
				CURRENT_PROJECT_VERSION = 1;
				DEVELOPMENT_TEAM = FHE2BMTPG3;
				GENERATE_INFOPLIST_FILE = YES;
				MARKETING_VERSION = 1.0;
				PRODUCT_BUNDLE_IDENTIFIER = com.kurbs.TwitterUITests;
				PRODUCT_NAME = "$(TARGET_NAME)";
				SWIFT_EMIT_LOC_STRINGS = NO;
				SWIFT_VERSION = 5.0;
				TARGETED_DEVICE_FAMILY = "1,2";
				TEST_TARGET_NAME = Twitter;
			};
			name = Debug;
		};
		6D89CCC32886FEFF00C5F162 /* Release */ = {
			isa = XCBuildConfiguration;
			baseConfigurationReference = E07AC0A0A17B70122DDEFE43 /* Pods-Twitter-TwitterUITests.release.xcconfig */;
			buildSettings = {
				ALWAYS_EMBED_SWIFT_STANDARD_LIBRARIES = YES;
				CODE_SIGN_STYLE = Automatic;
				CURRENT_PROJECT_VERSION = 1;
				DEVELOPMENT_TEAM = FHE2BMTPG3;
				GENERATE_INFOPLIST_FILE = YES;
				MARKETING_VERSION = 1.0;
				PRODUCT_BUNDLE_IDENTIFIER = com.kurbs.TwitterUITests;
				PRODUCT_NAME = "$(TARGET_NAME)";
				SWIFT_EMIT_LOC_STRINGS = NO;
				SWIFT_VERSION = 5.0;
				TARGETED_DEVICE_FAMILY = "1,2";
				TEST_TARGET_NAME = Twitter;
			};
			name = Release;
		};
/* End XCBuildConfiguration section */

/* Begin XCConfigurationList section */
		6D89CC922886FEF900C5F162 /* Build configuration list for PBXProject "Twitter" */ = {
			isa = XCConfigurationList;
			buildConfigurations = (
				6D89CCB92886FEFF00C5F162 /* Debug */,
				6D89CCBA2886FEFF00C5F162 /* Release */,
			);
			defaultConfigurationIsVisible = 0;
			defaultConfigurationName = Release;
		};
		6D89CCBB2886FEFF00C5F162 /* Build configuration list for PBXNativeTarget "Twitter" */ = {
			isa = XCConfigurationList;
			buildConfigurations = (
				6D89CCBC2886FEFF00C5F162 /* Debug */,
				6D89CCBD2886FEFF00C5F162 /* Release */,
			);
			defaultConfigurationIsVisible = 0;
			defaultConfigurationName = Release;
		};
		6D89CCBE2886FEFF00C5F162 /* Build configuration list for PBXNativeTarget "TwitterTests" */ = {
			isa = XCConfigurationList;
			buildConfigurations = (
				6D89CCBF2886FEFF00C5F162 /* Debug */,
				6D89CCC02886FEFF00C5F162 /* Release */,
			);
			defaultConfigurationIsVisible = 0;
			defaultConfigurationName = Release;
		};
		6D89CCC12886FEFF00C5F162 /* Build configuration list for PBXNativeTarget "TwitterUITests" */ = {
			isa = XCConfigurationList;
			buildConfigurations = (
				6D89CCC22886FEFF00C5F162 /* Debug */,
				6D89CCC32886FEFF00C5F162 /* Release */,
			);
			defaultConfigurationIsVisible = 0;
			defaultConfigurationName = Release;
		};
/* End XCConfigurationList section */
	};
	rootObject = 6D89CC8F2886FEF900C5F162 /* Project object */;
}
